
Microsoft Visual Studio Solution File, Format Version 12.00
# Visual Studio Version 17
VisualStudioVersion = 17.3.32811.315
MinimumVisualStudioVersion = 10.0.40219.1
Project("{FAE04EC0-301F-11D3-BF4B-00C04F79EFBC}") = "StackQueue14", "StackQueue14.csproj", "{929BACB9-4515-4971-AF9B-591DCF40B057}"
EndProject
Global
	GlobalSection(SolutionConfigurationPlatforms) = preSolution
		Debug|Any CPU = Debug|Any CPU
		Release|Any CPU = Release|Any CPU
	EndGlobalSection
	GlobalSection(ProjectConfigurationPlatforms) = postSolution
		{929BACB9-4515-4971-AF9B-591DCF40B057}.Debug|Any CPU.ActiveCfg = Debug|Any CPU
		{929BACB9-4515-4971-AF9B-591DCF40B057}.Debug|Any CPU.Build.0 = Debug|Any CPU
		{929BACB9-4515-4971-AF9B-591DCF40B057}.Release|Any CPU.ActiveCfg = Release|Any CPU
		{929BACB9-4515-4971-AF9B-591DCF40B057}.Release|Any CPU.Build.0 = Release|Any CPU
	EndGlobalSection
	GlobalSection(SolutionProperties) = preSolution
		HideSolutionNode = FALSE
	EndGlobalSection
	GlobalSection(ExtensibilityGlobals) = postSolution
		SolutionGuid = {D07856AF-31DE-4D00-9FAF-BD204CDC79DE}
	EndGlobalSection
EndGlobal
